
Microsoft Visual Studio Solution File, Format Version 12.00
# Visual Studio 15
VisualStudioVersion = 15.0.28010.2036
MinimumVisualStudioVersion = 10.0.40219.1
Project("{FAE04EC0-301F-11D3-BF4B-00C04F79EFBC}") = "appgithub test.Android", "appgithub test\appgithub test.Android\appgithub test.Android.csproj", "{FD0AFE40-2D8C-423A-9106-C2CD06A7FEAA}"
EndProject
Project("{FAE04EC0-301F-11D3-BF4B-00C04F79EFBC}") = "appgithub test.iOS", "appgithub test\appgithub test.iOS\appgithub test.iOS.csproj", "{75DBD2B7-E0BD-4A28-AF45-4433CB2DD7DA}"
EndProject
Project("{FAE04EC0-301F-11D3-BF4B-00C04F79EFBC}") = "appgithub test.UWP", "appgithub test\appgithub test.UWP\appgithub test.UWP.csproj", "{325456A9-BD56-40C0-B664-CF563D6A3E35}"
EndProject
Project("{FAE04EC0-301F-11D3-BF4B-00C04F79EFBC}") = "appgithub test", "appgithub test\appgithub test\appgithub test.csproj", "{D24923C4-994A-4AD8-8C7E-4889F833689B}"
EndProject
Global
	GlobalSection(SolutionConfigurationPlatforms) = preSolution
		Ad-Hoc|Any CPU = Ad-Hoc|Any CPU
		Ad-Hoc|ARM = Ad-Hoc|ARM
		Ad-Hoc|iPhone = Ad-Hoc|iPhone
		Ad-Hoc|iPhoneSimulator = Ad-Hoc|iPhoneSimulator
		Ad-Hoc|x64 = Ad-Hoc|x64
		Ad-Hoc|x86 = Ad-Hoc|x86
		AppStore|Any CPU = AppStore|Any CPU
		AppStore|ARM = AppStore|ARM
		AppStore|iPhone = AppStore|iPhone
		AppStore|iPhoneSimulator = AppStore|iPhoneSimulator
		AppStore|x64 = AppStore|x64
		AppStore|x86 = AppStore|x86
		Debug|Any CPU = Debug|Any CPU
		Debug|ARM = Debug|ARM
		Debug|iPhone = Debug|iPhone
		Debug|iPhoneSimulator = Debug|iPhoneSimulator
		Debug|x64 = Debug|x64
		Debug|x86 = Debug|x86
		Release|Any CPU = Release|Any CPU
		Release|ARM = Release|ARM
		Release|iPhone = Release|iPhone
		Release|iPhoneSimulator = Release|iPhoneSimulator
		Release|x64 = Release|x64
		Release|x86 = Release|x86
	EndGlobalSection
	GlobalSection(ProjectConfigurationPlatforms) = postSolution
		{FD0AFE40-2D8C-423A-9106-C2CD06A7FEAA}.Ad-Hoc|Any CPU.ActiveCfg = Release|Any CPU
		{FD0AFE40-2D8C-423A-9106-C2CD06A7FEAA}.Ad-Hoc|Any CPU.Build.0 = Release|Any CPU
		{FD0AFE40-2D8C-423A-9106-C2CD06A7FEAA}.Ad-Hoc|Any CPU.Deploy.0 = Release|Any CPU
		{FD0AFE40-2D8C-423A-9106-C2CD06A7FEAA}.Ad-Hoc|ARM.ActiveCfg = Release|Any CPU
		{FD0AFE40-2D8C-423A-9106-C2CD06A7FEAA}.Ad-Hoc|ARM.Build.0 = Release|Any CPU
		{FD0AFE40-2D8C-423A-9106-C2CD06A7FEAA}.Ad-Hoc|ARM.Deploy.0 = Release|Any CPU
		{FD0AFE40-2D8C-423A-9106-C2CD06A7FEAA}.Ad-Hoc|iPhone.ActiveCfg = Release|Any CPU
		{FD0AFE40-2D8C-423A-9106-C2CD06A7FEAA}.Ad-Hoc|iPhone.Build.0 = Release|Any CPU
		{FD0AFE40-2D8C-423A-9106-C2CD06A7FEAA}.Ad-Hoc|iPhone.Deploy.0 = Release|Any CPU
		{FD0AFE40-2D8C-423A-9106-C2CD06A7FEAA}.Ad-Hoc|iPhoneSimulator.ActiveCfg = Release|Any CPU
		{FD0AFE40-2D8C-423A-9106-C2CD06A7FEAA}.Ad-Hoc|iPhoneSimulator.Build.0 = Release|Any CPU
		{FD0AFE40-2D8C-423A-9106-C2CD06A7FEAA}.Ad-Hoc|iPhoneSimulator.Deploy.0 = Release|Any CPU
		{FD0AFE40-2D8C-423A-9106-C2CD06A7FEAA}.Ad-Hoc|x64.ActiveCfg = Release|Any CPU
		{FD0AFE40-2D8C-423A-9106-C2CD06A7FEAA}.Ad-Hoc|x64.Build.0 = Release|Any CPU
		{FD0AFE40-2D8C-423A-9106-C2CD06A7FEAA}.Ad-Hoc|x64.Deploy.0 = Release|Any CPU
		{FD0AFE40-2D8C-423A-9106-C2CD06A7FEAA}.Ad-Hoc|x86.ActiveCfg = Release|Any CPU
		{FD0AFE40-2D8C-423A-9106-C2CD06A7FEAA}.Ad-Hoc|x86.Build.0 = Release|Any CPU
		{FD0AFE40-2D8C-423A-9106-C2CD06A7FEAA}.Ad-Hoc|x86.Deploy.0 = Release|Any CPU
		{FD0AFE40-2D8C-423A-9106-C2CD06A7FEAA}.AppStore|Any CPU.ActiveCfg = Release|Any CPU
		{FD0AFE40-2D8C-423A-9106-C2CD06A7FEAA}.AppStore|Any CPU.Build.0 = Release|Any CPU
		{FD0AFE40-2D8C-423A-9106-C2CD06A7FEAA}.AppStore|Any CPU.Deploy.0 = Release|Any CPU
		{FD0AFE40-2D8C-423A-9106-C2CD06A7FEAA}.AppStore|ARM.ActiveCfg = Release|Any CPU
		{FD0AFE40-2D8C-423A-9106-C2CD06A7FEAA}.AppStore|ARM.Build.0 = Release|Any CPU
		{FD0AFE40-2D8C-423A-9106-C2CD06A7FEAA}.AppStore|ARM.Deploy.0 = Release|Any CPU
		{FD0AFE40-2D8C-423A-9106-C2CD06A7FEAA}.AppStore|iPhone.ActiveCfg = Release|Any CPU
		{FD0AFE40-2D8C-423A-9106-C2CD06A7FEAA}.AppStore|iPhone.Build.0 = Release|Any CPU
		{FD0AFE40-2D8C-423A-9106-C2CD06A7FEAA}.AppStore|iPhone.Deploy.0 = Release|Any CPU
		{FD0AFE40-2D8C-423A-9106-C2CD06A7FEAA}.AppStore|iPhoneSimulator.ActiveCfg = Release|Any CPU
		{FD0AFE40-2D8C-423A-9106-C2CD06A7FEAA}.AppStore|iPhoneSimulator.Build.0 = Release|Any CPU
		{FD0AFE40-2D8C-423A-9106-C2CD06A7FEAA}.AppStore|iPhoneSimulator.Deploy.0 = Release|Any CPU
		{FD0AFE40-2D8C-423A-9106-C2CD06A7FEAA}.AppStore|x64.ActiveCfg = Release|Any CPU
		{FD0AFE40-2D8C-423A-9106-C2CD06A7FEAA}.AppStore|x64.Build.0 = Release|Any CPU
		{FD0AFE40-2D8C-423A-9106-C2CD06A7FEAA}.AppStore|x64.Deploy.0 = Release|Any CPU
		{FD0AFE40-2D8C-423A-9106-C2CD06A7FEAA}.AppStore|x86.ActiveCfg = Release|Any CPU
		{FD0AFE40-2D8C-423A-9106-C2CD06A7FEAA}.AppStore|x86.Build.0 = Release|Any CPU
		{FD0AFE40-2D8C-423A-9106-C2CD06A7FEAA}.AppStore|x86.Deploy.0 = Release|Any CPU
		{FD0AFE40-2D8C-423A-9106-C2CD06A7FEAA}.Debug|Any CPU.ActiveCfg = Debug|Any CPU
		{FD0AFE40-2D8C-423A-9106-C2CD06A7FEAA}.Debug|Any CPU.Build.0 = Debug|Any CPU
		{FD0AFE40-2D8C-423A-9106-C2CD06A7FEAA}.Debug|Any CPU.Deploy.0 = Debug|Any CPU
		{FD0AFE40-2D8C-423A-9106-C2CD06A7FEAA}.Debug|ARM.ActiveCfg = Debug|Any CPU
		{FD0AFE40-2D8C-423A-9106-C2CD06A7FEAA}.Debug|ARM.Build.0 = Debug|Any CPU
		{FD0AFE40-2D8C-423A-9106-C2CD06A7FEAA}.Debug|ARM.Deploy.0 = Debug|Any CPU
		{FD0AFE40-2D8C-423A-9106-C2CD06A7FEAA}.Debug|iPhone.ActiveCfg = Debug|Any CPU
		{FD0AFE40-2D8C-423A-9106-C2CD06A7FEAA}.Debug|iPhone.Build.0 = Debug|Any CPU
		{FD0AFE40-2D8C-423A-9106-C2CD06A7FEAA}.Debug|iPhone.Deploy.0 = Debug|Any CPU
		{FD0AFE40-2D8C-423A-9106-C2CD06A7FEAA}.Debug|iPhoneSimulator.ActiveCfg = Debug|Any CPU
		{FD0AFE40-2D8C-423A-9106-C2CD06A7FEAA}.Debug|iPhoneSimulator.Build.0 = Debug|Any CPU
		{FD0AFE40-2D8C-423A-9106-C2CD06A7FEAA}.Debug|iPhoneSimulator.Deploy.0 = Debug|Any CPU
		{FD0AFE40-2D8C-423A-9106-C2CD06A7FEAA}.Debug|x64.ActiveCfg = Debug|Any CPU
		{FD0AFE40-2D8C-423A-9106-C2CD06A7FEAA}.Debug|x64.Build.0 = Debug|Any CPU
		{FD0AFE40-2D8C-423A-9106-C2CD06A7FEAA}.Debug|x64.Deploy.0 = Debug|Any CPU
		{FD0AFE40-2D8C-423A-9106-C2CD06A7FEAA}.Debug|x86.ActiveCfg = Debug|Any CPU
		{FD0AFE40-2D8C-423A-9106-C2CD06A7FEAA}.Debug|x86.Build.0 = Debug|Any CPU
		{FD0AFE40-2D8C-423A-9106-C2CD06A7FEAA}.Debug|x86.Deploy.0 = Debug|Any CPU
		{FD0AFE40-2D8C-423A-9106-C2CD06A7FEAA}.Release|Any CPU.ActiveCfg = Release|Any CPU
		{FD0AFE40-2D8C-423A-9106-C2CD06A7FEAA}.Release|Any CPU.Build.0 = Release|Any CPU
		{FD0AFE40-2D8C-423A-9106-C2CD06A7FEAA}.Release|Any CPU.Deploy.0 = Release|Any CPU
		{FD0AFE40-2D8C-423A-9106-C2CD06A7FEAA}.Release|ARM.ActiveCfg = Release|Any CPU
		{FD0AFE40-2D8C-423A-9106-C2CD06A7FEAA}.Release|ARM.Build.0 = Release|Any CPU
		{FD0AFE40-2D8C-423A-9106-C2CD06A7FEAA}.Release|ARM.Deploy.0 = Release|Any CPU
		{FD0AFE40-2D8C-423A-9106-C2CD06A7FEAA}.Release|iPhone.ActiveCfg = Release|Any CPU
		{FD0AFE40-2D8C-423A-9106-C2CD06A7FEAA}.Release|iPhone.Build.0 = Release|Any CPU
		{FD0AFE40-2D8C-423A-9106-C2CD06A7FEAA}.Release|iPhone.Deploy.0 = Release|Any CPU
		{FD0AFE40-2D8C-423A-9106-C2CD06A7FEAA}.Release|iPhoneSimulator.ActiveCfg = Release|Any CPU
		{FD0AFE40-2D8C-423A-9106-C2CD06A7FEAA}.Release|iPhoneSimulator.Build.0 = Release|Any CPU
		{FD0AFE40-2D8C-423A-9106-C2CD06A7FEAA}.Release|iPhoneSimulator.Deploy.0 = Release|Any CPU
		{FD0AFE40-2D8C-423A-9106-C2CD06A7FEAA}.Release|x64.ActiveCfg = Release|Any CPU
		{FD0AFE40-2D8C-423A-9106-C2CD06A7FEAA}.Release|x64.Build.0 = Release|Any CPU
		{FD0AFE40-2D8C-423A-9106-C2CD06A7FEAA}.Release|x64.Deploy.0 = Release|Any CPU
		{FD0AFE40-2D8C-423A-9106-C2CD06A7FEAA}.Release|x86.ActiveCfg = Release|Any CPU
		{FD0AFE40-2D8C-423A-9106-C2CD06A7FEAA}.Release|x86.Build.0 = Release|Any CPU
		{FD0AFE40-2D8C-423A-9106-C2CD06A7FEAA}.Release|x86.Deploy.0 = Release|Any CPU
		{75DBD2B7-E0BD-4A28-AF45-4433CB2DD7DA}.Ad-Hoc|Any CPU.ActiveCfg = Ad-Hoc|iPhone
		{75DBD2B7-E0BD-4A28-AF45-4433CB2DD7DA}.Ad-Hoc|Any CPU.Build.0 = Ad-Hoc|iPhone
		{75DBD2B7-E0BD-4A28-AF45-4433CB2DD7DA}.Ad-Hoc|Any CPU.Deploy.0 = Ad-Hoc|iPhone
		{75DBD2B7-E0BD-4A28-AF45-4433CB2DD7DA}.Ad-Hoc|ARM.ActiveCfg = Ad-Hoc|iPhone
		{75DBD2B7-E0BD-4A28-AF45-4433CB2DD7DA}.Ad-Hoc|ARM.Build.0 = Ad-Hoc|iPhone
		{75DBD2B7-E0BD-4A28-AF45-4433CB2DD7DA}.Ad-Hoc|ARM.Deploy.0 = Ad-Hoc|iPhone
		{75DBD2B7-E0BD-4A28-AF45-4433CB2DD7DA}.Ad-Hoc|iPhone.ActiveCfg = Ad-Hoc|iPhone
		{75DBD2B7-E0BD-4A28-AF45-4433CB2DD7DA}.Ad-Hoc|iPhone.Build.0 = Ad-Hoc|iPhone
		{75DBD2B7-E0BD-4A28-AF45-4433CB2DD7DA}.Ad-Hoc|iPhone.Deploy.0 = Ad-Hoc|iPhone
		{75DBD2B7-E0BD-4A28-AF45-4433CB2DD7DA}.Ad-Hoc|iPhoneSimulator.ActiveCfg = Ad-Hoc|iPhoneSimulator
		{75DBD2B7-E0BD-4A28-AF45-4433CB2DD7DA}.Ad-Hoc|iPhoneSimulator.Build.0 = Ad-Hoc|iPhoneSimulator
		{75DBD2B7-E0BD-4A28-AF45-4433CB2DD7DA}.Ad-Hoc|iPhoneSimulator.Deploy.0 = Ad-Hoc|iPhoneSimulator
		{75DBD2B7-E0BD-4A28-AF45-4433CB2DD7DA}.Ad-Hoc|x64.ActiveCfg = Ad-Hoc|iPhone
		{75DBD2B7-E0BD-4A28-AF45-4433CB2DD7DA}.Ad-Hoc|x64.Build.0 = Ad-Hoc|iPhone
		{75DBD2B7-E0BD-4A28-AF45-4433CB2DD7DA}.Ad-Hoc|x64.Deploy.0 = Ad-Hoc|iPhone
		{75DBD2B7-E0BD-4A28-AF45-4433CB2DD7DA}.Ad-Hoc|x86.ActiveCfg = Ad-Hoc|iPhone
		{75DBD2B7-E0BD-4A28-AF45-4433CB2DD7DA}.Ad-Hoc|x86.Build.0 = Ad-Hoc|iPhone
		{75DBD2B7-E0BD-4A28-AF45-4433CB2DD7DA}.Ad-Hoc|x86.Deploy.0 = Ad-Hoc|iPhone
		{75DBD2B7-E0BD-4A28-AF45-4433CB2DD7DA}.AppStore|Any CPU.ActiveCfg = AppStore|iPhone
		{75DBD2B7-E0BD-4A28-AF45-4433CB2DD7DA}.AppStore|Any CPU.Build.0 = AppStore|iPhone
		{75DBD2B7-E0BD-4A28-AF45-4433CB2DD7DA}.AppStore|Any CPU.Deploy.0 = AppStore|iPhone
		{75DBD2B7-E0BD-4A28-AF45-4433CB2DD7DA}.AppStore|ARM.ActiveCfg = AppStore|iPhone
		{75DBD2B7-E0BD-4A28-AF45-4433CB2DD7DA}.AppStore|ARM.Build.0 = AppStore|iPhone
		{75DBD2B7-E0BD-4A28-AF45-4433CB2DD7DA}.AppStore|ARM.Deploy.0 = AppStore|iPhone
		{75DBD2B7-E0BD-4A28-AF45-4433CB2DD7DA}.AppStore|iPhone.ActiveCfg = AppStore|iPhone
		{75DBD2B7-E0BD-4A28-AF45-4433CB2DD7DA}.AppStore|iPhone.Build.0 = AppStore|iPhone
		{75DBD2B7-E0BD-4A28-AF45-4433CB2DD7DA}.AppStore|iPhone.Deploy.0 = AppStore|iPhone
		{75DBD2B7-E0BD-4A28-AF45-4433CB2DD7DA}.AppStore|iPhoneSimulator.ActiveCfg = AppStore|iPhoneSimulator
		{75DBD2B7-E0BD-4A28-AF45-4433CB2DD7DA}.AppStore|iPhoneSimulator.Build.0 = AppStore|iPhoneSimulator
		{75DBD2B7-E0BD-4A28-AF45-4433CB2DD7DA}.AppStore|iPhoneSimulator.Deploy.0 = AppStore|iPhoneSimulator
		{75DBD2B7-E0BD-4A28-AF45-4433CB2DD7DA}.AppStore|x64.ActiveCfg = AppStore|iPhone
		{75DBD2B7-E0BD-4A28-AF45-4433CB2DD7DA}.AppStore|x64.Build.0 = AppStore|iPhone
		{75DBD2B7-E0BD-4A28-AF45-4433CB2DD7DA}.AppStore|x64.Deploy.0 = AppStore|iPhone
		{75DBD2B7-E0BD-4A28-AF45-4433CB2DD7DA}.AppStore|x86.ActiveCfg = AppStore|iPhone
		{75DBD2B7-E0BD-4A28-AF45-4433CB2DD7DA}.AppStore|x86.Build.0 = AppStore|iPhone
		{75DBD2B7-E0BD-4A28-AF45-4433CB2DD7DA}.AppStore|x86.Deploy.0 = AppStore|iPhone
		{75DBD2B7-E0BD-4A28-AF45-4433CB2DD7DA}.Debug|Any CPU.ActiveCfg = Debug|iPhoneSimulator
		{75DBD2B7-E0BD-4A28-AF45-4433CB2DD7DA}.Debug|Any CPU.Build.0 = Debug|iPhoneSimulator
		{75DBD2B7-E0BD-4A28-AF45-4433CB2DD7DA}.Debug|Any CPU.Deploy.0 = Debug|iPhoneSimulator
		{75DBD2B7-E0BD-4A28-AF45-4433CB2DD7DA}.Debug|ARM.ActiveCfg = Debug|iPhone
		{75DBD2B7-E0BD-4A28-AF45-4433CB2DD7DA}.Debug|ARM.Build.0 = Debug|iPhone
		{75DBD2B7-E0BD-4A28-AF45-4433CB2DD7DA}.Debug|ARM.Deploy.0 = Debug|iPhone
		{75DBD2B7-E0BD-4A28-AF45-4433CB2DD7DA}.Debug|iPhone.ActiveCfg = Debug|iPhone
		{75DBD2B7-E0BD-4A28-AF45-4433CB2DD7DA}.Debug|iPhone.Build.0 = Debug|iPhone
		{75DBD2B7-E0BD-4A28-AF45-4433CB2DD7DA}.Debug|iPhone.Deploy.0 = Debug|iPhone
		{75DBD2B7-E0BD-4A28-AF45-4433CB2DD7DA}.Debug|iPhoneSimulator.ActiveCfg = Debug|iPhoneSimulator
		{75DBD2B7-E0BD-4A28-AF45-4433CB2DD7DA}.Debug|iPhoneSimulator.Build.0 = Debug|iPhoneSimulator
		{75DBD2B7-E0BD-4A28-AF45-4433CB2DD7DA}.Debug|iPhoneSimulator.Deploy.0 = Debug|iPhoneSimulator
		{75DBD2B7-E0BD-4A28-AF45-4433CB2DD7DA}.Debug|x64.ActiveCfg = Debug|iPhone
		{75DBD2B7-E0BD-4A28-AF45-4433CB2DD7DA}.Debug|x64.Build.0 = Debug|iPhone
		{75DBD2B7-E0BD-4A28-AF45-4433CB2DD7DA}.Debug|x64.Deploy.0 = Debug|iPhone
		{75DBD2B7-E0BD-4A28-AF45-4433CB2DD7DA}.Debug|x86.ActiveCfg = Debug|iPhone
		{75DBD2B7-E0BD-4A28-AF45-4433CB2DD7DA}.Debug|x86.Build.0 = Debug|iPhone
		{75DBD2B7-E0BD-4A28-AF45-4433CB2DD7DA}.Debug|x86.Deploy.0 = Debug|iPhone
		{75DBD2B7-E0BD-4A28-AF45-4433CB2DD7DA}.Release|Any CPU.ActiveCfg = Release|iPhone
		{75DBD2B7-E0BD-4A28-AF45-4433CB2DD7DA}.Release|Any CPU.Build.0 = Release|iPhone
		{75DBD2B7-E0BD-4A28-AF45-4433CB2DD7DA}.Release|Any CPU.Deploy.0 = Release|iPhone
		{75DBD2B7-E0BD-4A28-AF45-4433CB2DD7DA}.Release|ARM.ActiveCfg = Release|iPhone
		{75DBD2B7-E0BD-4A28-AF45-4433CB2DD7DA}.Release|ARM.Build.0 = Release|iPhone
		{75DBD2B7-E0BD-4A28-AF45-4433CB2DD7DA}.Release|ARM.Deploy.0 = Release|iPhone
		{75DBD2B7-E0BD-4A28-AF45-4433CB2DD7DA}.Release|iPhone.ActiveCfg = Release|iPhone
		{75DBD2B7-E0BD-4A28-AF45-4433CB2DD7DA}.Release|iPhone.Build.0 = Release|iPhone
		{75DBD2B7-E0BD-4A28-AF45-4433CB2DD7DA}.Release|iPhone.Deploy.0 = Release|iPhone
		{75DBD2B7-E0BD-4A28-AF45-4433CB2DD7DA}.Release|iPhoneSimulator.ActiveCfg = Release|iPhoneSimulator
		{75DBD2B7-E0BD-4A28-AF45-4433CB2DD7DA}.Release|iPhoneSimulator.Build.0 = Release|iPhoneSimulator
		{75DBD2B7-E0BD-4A28-AF45-4433CB2DD7DA}.Release|iPhoneSimulator.Deploy.0 = Release|iPhoneSimulator
		{75DBD2B7-E0BD-4A28-AF45-4433CB2DD7DA}.Release|x64.ActiveCfg = Release|iPhone
		{75DBD2B7-E0BD-4A28-AF45-4433CB2DD7DA}.Release|x64.Build.0 = Release|iPhone
		{75DBD2B7-E0BD-4A28-AF45-4433CB2DD7DA}.Release|x64.Deploy.0 = Release|iPhone
		{75DBD2B7-E0BD-4A28-AF45-4433CB2DD7DA}.Release|x86.ActiveCfg = Release|iPhone
		{75DBD2B7-E0BD-4A28-AF45-4433CB2DD7DA}.Release|x86.Build.0 = Release|iPhone
		{75DBD2B7-E0BD-4A28-AF45-4433CB2DD7DA}.Release|x86.Deploy.0 = Release|iPhone
		{325456A9-BD56-40C0-B664-CF563D6A3E35}.Ad-Hoc|Any CPU.ActiveCfg = Release|x86
		{325456A9-BD56-40C0-B664-CF563D6A3E35}.Ad-Hoc|Any CPU.Build.0 = Release|x86
		{325456A9-BD56-40C0-B664-CF563D6A3E35}.Ad-Hoc|Any CPU.Deploy.0 = Release|x86
		{325456A9-BD56-40C0-B664-CF563D6A3E35}.Ad-Hoc|ARM.ActiveCfg = Release|ARM
		{325456A9-BD56-40C0-B664-CF563D6A3E35}.Ad-Hoc|ARM.Build.0 = Release|ARM
		{325456A9-BD56-40C0-B664-CF563D6A3E35}.Ad-Hoc|ARM.Deploy.0 = Release|ARM
		{325456A9-BD56-40C0-B664-CF563D6A3E35}.Ad-Hoc|iPhone.ActiveCfg = Release|x86
		{325456A9-BD56-40C0-B664-CF563D6A3E35}.Ad-Hoc|iPhone.Build.0 = Release|x86
		{325456A9-BD56-40C0-B664-CF563D6A3E35}.Ad-Hoc|iPhone.Deploy.0 = Release|x86
		{325456A9-BD56-40C0-B664-CF563D6A3E35}.Ad-Hoc|iPhoneSimulator.ActiveCfg = Release|x86
		{325456A9-BD56-40C0-B664-CF563D6A3E35}.Ad-Hoc|iPhoneSimulator.Build.0 = Release|x86
		{325456A9-BD56-40C0-B664-CF563D6A3E35}.Ad-Hoc|iPhoneSimulator.Deploy.0 = Release|x86
		{325456A9-BD56-40C0-B664-CF563D6A3E35}.Ad-Hoc|x64.ActiveCfg = Release|x64
		{325456A9-BD56-40C0-B664-CF563D6A3E35}.Ad-Hoc|x64.Build.0 = Release|x64
		{325456A9-BD56-40C0-B664-CF563D6A3E35}.Ad-Hoc|x64.Deploy.0 = Release|x64
		{325456A9-BD56-40C0-B664-CF563D6A3E35}.Ad-Hoc|x86.ActiveCfg = Release|x86
		{325456A9-BD56-40C0-B664-CF563D6A3E35}.Ad-Hoc|x86.Build.0 = Release|x86
		{325456A9-BD56-40C0-B664-CF563D6A3E35}.Ad-Hoc|x86.Deploy.0 = Release|x86
		{325456A9-BD56-40C0-B664-CF563D6A3E35}.AppStore|Any CPU.ActiveCfg = Release|x86
		{325456A9-BD56-40C0-B664-CF563D6A3E35}.AppStore|Any CPU.Build.0 = Release|x86
		{325456A9-BD56-40C0-B664-CF563D6A3E35}.AppStore|Any CPU.Deploy.0 = Release|x86
		{325456A9-BD56-40C0-B664-CF563D6A3E35}.AppStore|ARM.ActiveCfg = Release|ARM
		{325456A9-BD56-40C0-B664-CF563D6A3E35}.AppStore|ARM.Build.0 = Release|ARM
		{325456A9-BD56-40C0-B664-CF563D6A3E35}.AppStore|ARM.Deploy.0 = Release|ARM
		{325456A9-BD56-40C0-B664-CF563D6A3E35}.AppStore|iPhone.ActiveCfg = Release|x86
		{325456A9-BD56-40C0-B664-CF563D6A3E35}.AppStore|iPhone.Build.0 = Release|x86
		{325456A9-BD56-40C0-B664-CF563D6A3E35}.AppStore|iPhone.Deploy.0 = Release|x86
		{325456A9-BD56-40C0-B664-CF563D6A3E35}.AppStore|iPhoneSimulator.ActiveCfg = Release|x86
		{325456A9-BD56-40C0-B664-CF563D6A3E35}.AppStore|iPhoneSimulator.Build.0 = Release|x86
		{325456A9-BD56-40C0-B664-CF563D6A3E35}.AppStore|iPhoneSimulator.Deploy.0 = Release|x86
		{325456A9-BD56-40C0-B664-CF563D6A3E35}.AppStore|x64.ActiveCfg = Release|x64
		{325456A9-BD56-40C0-B664-CF563D6A3E35}.AppStore|x64.Build.0 = Release|x64
		{325456A9-BD56-40C0-B664-CF563D6A3E35}.AppStore|x64.Deploy.0 = Release|x64
		{325456A9-BD56-40C0-B664-CF563D6A3E35}.AppStore|x86.ActiveCfg = Release|x86
		{325456A9-BD56-40C0-B664-CF563D6A3E35}.AppStore|x86.Build.0 = Release|x86
		{325456A9-BD56-40C0-B664-CF563D6A3E35}.AppStore|x86.Deploy.0 = Release|x86
		{325456A9-BD56-40C0-B664-CF563D6A3E35}.Debug|Any CPU.ActiveCfg = Debug|x86
		{325456A9-BD56-40C0-B664-CF563D6A3E35}.Debug|Any CPU.Build.0 = Debug|x86
		{325456A9-BD56-40C0-B664-CF563D6A3E35}.Debug|Any CPU.Deploy.0 = Debug|x86
		{325456A9-BD56-40C0-B664-CF563D6A3E35}.Debug|ARM.ActiveCfg = Debug|ARM
		{325456A9-BD56-40C0-B664-CF563D6A3E35}.Debug|ARM.Build.0 = Debug|ARM
		{325456A9-BD56-40C0-B664-CF563D6A3E35}.Debug|ARM.Deploy.0 = Debug|ARM
		{325456A9-BD56-40C0-B664-CF563D6A3E35}.Debug|iPhone.ActiveCfg = Debug|x86
		{325456A9-BD56-40C0-B664-CF563D6A3E35}.Debug|iPhone.Build.0 = Debug|x86
		{325456A9-BD56-40C0-B664-CF563D6A3E35}.Debug|iPhone.Deploy.0 = Debug|x86
		{325456A9-BD56-40C0-B664-CF563D6A3E35}.Debug|iPhoneSimulator.ActiveCfg = Debug|x86
		{325456A9-BD56-40C0-B664-CF563D6A3E35}.Debug|iPhoneSimulator.Build.0 = Debug|x86
		{325456A9-BD56-40C0-B664-CF563D6A3E35}.Debug|iPhoneSimulator.Deploy.0 = Debug|x86
		{325456A9-BD56-40C0-B664-CF563D6A3E35}.Debug|x64.ActiveCfg = Debug|x64
		{325456A9-BD56-40C0-B664-CF563D6A3E35}.Debug|x64.Build.0 = Debug|x64
		{325456A9-BD56-40C0-B664-CF563D6A3E35}.Debug|x64.Deploy.0 = Debug|x64
		{325456A9-BD56-40C0-B664-CF563D6A3E35}.Debug|x86.ActiveCfg = Debug|x86
		{325456A9-BD56-40C0-B664-CF563D6A3E35}.Debug|x86.Build.0 = Debug|x86
		{325456A9-BD56-40C0-B664-CF563D6A3E35}.Debug|x86.Deploy.0 = Debug|x86
		{325456A9-BD56-40C0-B664-CF563D6A3E35}.Release|Any CPU.ActiveCfg = Release|x86
		{325456A9-BD56-40C0-B664-CF563D6A3E35}.Release|Any CPU.Build.0 = Release|x86
		{325456A9-BD56-40C0-B664-CF563D6A3E35}.Release|Any CPU.Deploy.0 = Release|x86
		{325456A9-BD56-40C0-B664-CF563D6A3E35}.Release|ARM.ActiveCfg = Release|ARM
		{325456A9-BD56-40C0-B664-CF563D6A3E35}.Release|ARM.Build.0 = Release|ARM
		{325456A9-BD56-40C0-B664-CF563D6A3E35}.Release|ARM.Deploy.0 = Release|ARM
		{325456A9-BD56-40C0-B664-CF563D6A3E35}.Release|iPhone.ActiveCfg = Release|x86
		{325456A9-BD56-40C0-B664-CF563D6A3E35}.Release|iPhone.Build.0 = Release|x86
		{325456A9-BD56-40C0-B664-CF563D6A3E35}.Release|iPhone.Deploy.0 = Release|x86
		{325456A9-BD56-40C0-B664-CF563D6A3E35}.Release|iPhoneSimulator.ActiveCfg = Release|x86
		{325456A9-BD56-40C0-B664-CF563D6A3E35}.Release|iPhoneSimulator.Build.0 = Release|x86
		{325456A9-BD56-40C0-B664-CF563D6A3E35}.Release|iPhoneSimulator.Deploy.0 = Release|x86
		{325456A9-BD56-40C0-B664-CF563D6A3E35}.Release|x64.ActiveCfg = Release|x64
		{325456A9-BD56-40C0-B664-CF563D6A3E35}.Release|x64.Build.0 = Release|x64
		{325456A9-BD56-40C0-B664-CF563D6A3E35}.Release|x64.Deploy.0 = Release|x64
		{325456A9-BD56-40C0-B664-CF563D6A3E35}.Release|x86.ActiveCfg = Release|x86
		{325456A9-BD56-40C0-B664-CF563D6A3E35}.Release|x86.Build.0 = Release|x86
		{325456A9-BD56-40C0-B664-CF563D6A3E35}.Release|x86.Deploy.0 = Release|x86
		{D24923C4-994A-4AD8-8C7E-4889F833689B}.Ad-Hoc|Any CPU.ActiveCfg = Debug|Any CPU
		{D24923C4-994A-4AD8-8C7E-4889F833689B}.Ad-Hoc|Any CPU.Build.0 = Debug|Any CPU
		{D24923C4-994A-4AD8-8C7E-4889F833689B}.Ad-Hoc|Any CPU.Deploy.0 = Debug|Any CPU
		{D24923C4-994A-4AD8-8C7E-4889F833689B}.Ad-Hoc|ARM.ActiveCfg = Debug|Any CPU
		{D24923C4-994A-4AD8-8C7E-4889F833689B}.Ad-Hoc|ARM.Build.0 = Debug|Any CPU
		{D24923C4-994A-4AD8-8C7E-4889F833689B}.Ad-Hoc|ARM.Deploy.0 = Debug|Any CPU
		{D24923C4-994A-4AD8-8C7E-4889F833689B}.Ad-Hoc|iPhone.ActiveCfg = Debug|Any CPU
		{D24923C4-994A-4AD8-8C7E-4889F833689B}.Ad-Hoc|iPhone.Build.0 = Debug|Any CPU
		{D24923C4-994A-4AD8-8C7E-4889F833689B}.Ad-Hoc|iPhone.Deploy.0 = Debug|Any CPU
		{D24923C4-994A-4AD8-8C7E-4889F833689B}.Ad-Hoc|iPhoneSimulator.ActiveCfg = Debug|Any CPU
		{D24923C4-994A-4AD8-8C7E-4889F833689B}.Ad-Hoc|iPhoneSimulator.Build.0 = Debug|Any CPU
		{D24923C4-994A-4AD8-8C7E-4889F833689B}.Ad-Hoc|iPhoneSimulator.Deploy.0 = Debug|Any CPU
		{D24923C4-994A-4AD8-8C7E-4889F833689B}.Ad-Hoc|x64.ActiveCfg = Debug|Any CPU
		{D24923C4-994A-4AD8-8C7E-4889F833689B}.Ad-Hoc|x64.Build.0 = Debug|Any CPU
		{D24923C4-994A-4AD8-8C7E-4889F833689B}.Ad-Hoc|x64.Deploy.0 = Debug|Any CPU
		{D24923C4-994A-4AD8-8C7E-4889F833689B}.Ad-Hoc|x86.ActiveCfg = Debug|Any CPU
		{D24923C4-994A-4AD8-8C7E-4889F833689B}.Ad-Hoc|x86.Build.0 = Debug|Any CPU
		{D24923C4-994A-4AD8-8C7E-4889F833689B}.Ad-Hoc|x86.Deploy.0 = Debug|Any CPU
		{D24923C4-994A-4AD8-8C7E-4889F833689B}.AppStore|Any CPU.ActiveCfg = Debug|Any CPU
		{D24923C4-994A-4AD8-8C7E-4889F833689B}.AppStore|Any CPU.Build.0 = Debug|Any CPU
		{D24923C4-994A-4AD8-8C7E-4889F833689B}.AppStore|Any CPU.Deploy.0 = Debug|Any CPU
		{D24923C4-994A-4AD8-8C7E-4889F833689B}.AppStore|ARM.ActiveCfg = Debug|Any CPU
		{D24923C4-994A-4AD8-8C7E-4889F833689B}.AppStore|ARM.Build.0 = Debug|Any CPU
		{D24923C4-994A-4AD8-8C7E-4889F833689B}.AppStore|ARM.Deploy.0 = Debug|Any CPU
		{D24923C4-994A-4AD8-8C7E-4889F833689B}.AppStore|iPhone.ActiveCfg = Debug|Any CPU
		{D24923C4-994A-4AD8-8C7E-4889F833689B}.AppStore|iPhone.Build.0 = Debug|Any CPU
		{D24923C4-994A-4AD8-8C7E-4889F833689B}.AppStore|iPhone.Deploy.0 = Debug|Any CPU
		{D24923C4-994A-4AD8-8C7E-4889F833689B}.AppStore|iPhoneSimulator.ActiveCfg = Debug|Any CPU
		{D24923C4-994A-4AD8-8C7E-4889F833689B}.AppStore|iPhoneSimulator.Build.0 = Debug|Any CPU
		{D24923C4-994A-4AD8-8C7E-4889F833689B}.AppStore|iPhoneSimulator.Deploy.0 = Debug|Any CPU
		{D24923C4-994A-4AD8-8C7E-4889F833689B}.AppStore|x64.ActiveCfg = Debug|Any CPU
		{D24923C4-994A-4AD8-8C7E-4889F833689B}.AppStore|x64.Build.0 = Debug|Any CPU
		{D24923C4-994A-4AD8-8C7E-4889F833689B}.AppStore|x64.Deploy.0 = Debug|Any CPU
		{D24923C4-994A-4AD8-8C7E-4889F833689B}.AppStore|x86.ActiveCfg = Debug|Any CPU
		{D24923C4-994A-4AD8-8C7E-4889F833689B}.AppStore|x86.Build.0 = Debug|Any CPU
		{D24923C4-994A-4AD8-8C7E-4889F833689B}.AppStore|x86.Deploy.0 = Debug|Any CPU
		{D24923C4-994A-4AD8-8C7E-4889F833689B}.Debug|Any CPU.ActiveCfg = Debug|Any CPU
		{D24923C4-994A-4AD8-8C7E-4889F833689B}.Debug|Any CPU.Build.0 = Debug|Any CPU
		{D24923C4-994A-4AD8-8C7E-4889F833689B}.Debug|Any CPU.Deploy.0 = Debug|Any CPU
		{D24923C4-994A-4AD8-8C7E-4889F833689B}.Debug|ARM.ActiveCfg = Debug|Any CPU
		{D24923C4-994A-4AD8-8C7E-4889F833689B}.Debug|ARM.Build.0 = Debug|Any CPU
		{D24923C4-994A-4AD8-8C7E-4889F833689B}.Debug|ARM.Deploy.0 = Debug|Any CPU
		{D24923C4-994A-4AD8-8C7E-4889F833689B}.Debug|iPhone.ActiveCfg = Debug|Any CPU
		{D24923C4-994A-4AD8-8C7E-4889F833689B}.Debug|iPhone.Build.0 = Debug|Any CPU
		{D24923C4-994A-4AD8-8C7E-4889F833689B}.Debug|iPhone.Deploy.0 = Debug|Any CPU
		{D24923C4-994A-4AD8-8C7E-4889F833689B}.Debug|iPhoneSimulator.ActiveCfg = Debug|Any CPU
		{D24923C4-994A-4AD8-8C7E-4889F833689B}.Debug|iPhoneSimulator.Build.0 = Debug|Any CPU
		{D24923C4-994A-4AD8-8C7E-4889F833689B}.Debug|iPhoneSimulator.Deploy.0 = Debug|Any CPU
		{D24923C4-994A-4AD8-8C7E-4889F833689B}.Debug|x64.ActiveCfg = Debug|Any CPU
		{D24923C4-994A-4AD8-8C7E-4889F833689B}.Debug|x64.Build.0 = Debug|Any CPU
		{D24923C4-994A-4AD8-8C7E-4889F833689B}.Debug|x64.Deploy.0 = Debug|Any CPU
		{D24923C4-994A-4AD8-8C7E-4889F833689B}.Debug|x86.ActiveCfg = Debug|Any CPU
		{D24923C4-994A-4AD8-8C7E-4889F833689B}.Debug|x86.Build.0 = Debug|Any CPU
		{D24923C4-994A-4AD8-8C7E-4889F833689B}.Debug|x86.Deploy.0 = Debug|Any CPU
		{D24923C4-994A-4AD8-8C7E-4889F833689B}.Release|Any CPU.ActiveCfg = Release|Any CPU
		{D24923C4-994A-4AD8-8C7E-4889F833689B}.Release|Any CPU.Build.0 = Release|Any CPU
		{D24923C4-994A-4AD8-8C7E-4889F833689B}.Release|Any CPU.Deploy.0 = Release|Any CPU
		{D24923C4-994A-4AD8-8C7E-4889F833689B}.Release|ARM.ActiveCfg = Release|Any CPU
		{D24923C4-994A-4AD8-8C7E-4889F833689B}.Release|ARM.Build.0 = Release|Any CPU
		{D24923C4-994A-4AD8-8C7E-4889F833689B}.Release|ARM.Deploy.0 = Release|Any CPU
		{D24923C4-994A-4AD8-8C7E-4889F833689B}.Release|iPhone.ActiveCfg = Release|Any CPU
		{D24923C4-994A-4AD8-8C7E-4889F833689B}.Release|iPhone.Build.0 = Release|Any CPU
		{D24923C4-994A-4AD8-8C7E-4889F833689B}.Release|iPhone.Deploy.0 = Release|Any CPU
		{D24923C4-994A-4AD8-8C7E-4889F833689B}.Release|iPhoneSimulator.ActiveCfg = Release|Any CPU
		{D24923C4-994A-4AD8-8C7E-4889F833689B}.Release|iPhoneSimulator.Build.0 = Release|Any CPU
		{D24923C4-994A-4AD8-8C7E-4889F833689B}.Release|iPhoneSimulator.Deploy.0 = Release|Any CPU
		{D24923C4-994A-4AD8-8C7E-4889F833689B}.Release|x64.ActiveCfg = Release|Any CPU
		{D24923C4-994A-4AD8-8C7E-4889F833689B}.Release|x64.Build.0 = Release|Any CPU
		{D24923C4-994A-4AD8-8C7E-4889F833689B}.Release|x64.Deploy.0 = Release|Any CPU
		{D24923C4-994A-4AD8-8C7E-4889F833689B}.Release|x86.ActiveCfg = Release|Any CPU
		{D24923C4-994A-4AD8-8C7E-4889F833689B}.Release|x86.Build.0 = Release|Any CPU
		{D24923C4-994A-4AD8-8C7E-4889F833689B}.Release|x86.Deploy.0 = Release|Any CPU
	EndGlobalSection
	GlobalSection(SolutionProperties) = preSolution
		HideSolutionNode = FALSE
	EndGlobalSection
	GlobalSection(ExtensibilityGlobals) = postSolution
		SolutionGuid = {FE3E603A-E213-41D4-8322-21D90663261C}
	EndGlobalSection
EndGlobal
